
Microsoft Visual Studio Solution File, Format Version 12.00
Project("{FAE04EC0-301F-11D3-BF4B-00C04F79EFBC}") = "zad1_apbd", "zad1_apbd\zad1_apbd.csproj", "{590D6995-0902-452D-8E1D-886817E85704}"
EndProject
Global
	GlobalSection(SolutionConfigurationPlatforms) = preSolution
		Debug|Any CPU = Debug|Any CPU
		Release|Any CPU = Release|Any CPU
	EndGlobalSection
	GlobalSection(ProjectConfigurationPlatforms) = postSolution
		{590D6995-0902-452D-8E1D-886817E85704}.Debug|Any CPU.ActiveCfg = Debug|Any CPU
		{590D6995-0902-452D-8E1D-886817E85704}.Debug|Any CPU.Build.0 = Debug|Any CPU
		{590D6995-0902-452D-8E1D-886817E85704}.Release|Any CPU.ActiveCfg = Release|Any CPU
		{590D6995-0902-452D-8E1D-886817E85704}.Release|Any CPU.Build.0 = Release|Any CPU
	EndGlobalSection
EndGlobal
